
Microsoft Visual Studio Solution File, Format Version 12.00
# Visual Studio 2012
Project("{FAE04EC0-301F-11D3-BF4B-00C04F79EFBC}") = "Linkify", "Linkify\Linkify.csproj", "{8F0C4FF5-68CB-4515-8543-077B7D5025AD}"
EndProject
Project("{FAE04EC0-301F-11D3-BF4B-00C04F79EFBC}") = "Linkify.Tests", "Linkify.Tests\Linkify.Tests.csproj", "{8DB4B8D1-21CA-45C7-B021-784929443D80}"
EndProject
Global
	GlobalSection(SolutionConfigurationPlatforms) = preSolution
		Debug|Any CPU = Debug|Any CPU
		Release|Any CPU = Release|Any CPU
	EndGlobalSection
	GlobalSection(ProjectConfigurationPlatforms) = postSolution
		{8F0C4FF5-68CB-4515-8543-077B7D5025AD}.Debug|Any CPU.ActiveCfg = Debug|Any CPU
		{8F0C4FF5-68CB-4515-8543-077B7D5025AD}.Debug|Any CPU.Build.0 = Debug|Any CPU
		{8F0C4FF5-68CB-4515-8543-077B7D5025AD}.Release|Any CPU.ActiveCfg = Release|Any CPU
		{8F0C4FF5-68CB-4515-8543-077B7D5025AD}.Release|Any CPU.Build.0 = Release|Any CPU
		{8DB4B8D1-21CA-45C7-B021-784929443D80}.Debug|Any CPU.ActiveCfg = Debug|Any CPU
		{8DB4B8D1-21CA-45C7-B021-784929443D80}.Debug|Any CPU.Build.0 = Debug|Any CPU
		{8DB4B8D1-21CA-45C7-B021-784929443D80}.Release|Any CPU.ActiveCfg = Release|Any CPU
		{8DB4B8D1-21CA-45C7-B021-784929443D80}.Release|Any CPU.Build.0 = Release|Any CPU
	EndGlobalSection
	GlobalSection(SolutionProperties) = preSolution
		HideSolutionNode = FALSE
	EndGlobalSection
EndGlobal
